
Microsoft Visual Studio Solution File, Format Version 12.00
# Visual Studio 2015
Project("{FAE04EC0-301F-11D3-BF4B-00C04F79EFBC}") = "Mighty Number 69.Plugins", "Mighty Number 69.Plugins.csproj", "{61E45587-1A41-E4BB-DB42-181F7F828DEB}"
EndProject
Project("{FAE04EC0-301F-11D3-BF4B-00C04F79EFBC}") = "Mighty Number 69", "Mighty Number 69.csproj", "{31E13506-A6A4-4AC5-5E86-BF1632F8C476}"
EndProject
Project("{FAE04EC0-301F-11D3-BF4B-00C04F79EFBC}") = "Mighty Number 69.Editor.Plugins", "Mighty Number 69.Editor.Plugins.csproj", "{81EEFEE6-35CD-2175-5B0E-7B6C896979B1}"
EndProject
Global
	GlobalSection(SolutionConfigurationPlatforms) = preSolution
		Debug|Any CPU = Debug|Any CPU
		Release|Any CPU = Release|Any CPU
	EndGlobalSection
	GlobalSection(ProjectConfigurationPlatforms) = postSolution
		{61E45587-1A41-E4BB-DB42-181F7F828DEB}.Debug|Any CPU.ActiveCfg = Debug|Any CPU
		{61E45587-1A41-E4BB-DB42-181F7F828DEB}.Debug|Any CPU.Build.0 = Debug|Any CPU
		{61E45587-1A41-E4BB-DB42-181F7F828DEB}.Release|Any CPU.ActiveCfg = Release|Any CPU
		{61E45587-1A41-E4BB-DB42-181F7F828DEB}.Release|Any CPU.Build.0 = Release|Any CPU
		{31E13506-A6A4-4AC5-5E86-BF1632F8C476}.Debug|Any CPU.ActiveCfg = Debug|Any CPU
		{31E13506-A6A4-4AC5-5E86-BF1632F8C476}.Debug|Any CPU.Build.0 = Debug|Any CPU
		{31E13506-A6A4-4AC5-5E86-BF1632F8C476}.Release|Any CPU.ActiveCfg = Release|Any CPU
		{31E13506-A6A4-4AC5-5E86-BF1632F8C476}.Release|Any CPU.Build.0 = Release|Any CPU
		{81EEFEE6-35CD-2175-5B0E-7B6C896979B1}.Debug|Any CPU.ActiveCfg = Debug|Any CPU
		{81EEFEE6-35CD-2175-5B0E-7B6C896979B1}.Debug|Any CPU.Build.0 = Debug|Any CPU
		{81EEFEE6-35CD-2175-5B0E-7B6C896979B1}.Release|Any CPU.ActiveCfg = Release|Any CPU
		{81EEFEE6-35CD-2175-5B0E-7B6C896979B1}.Release|Any CPU.Build.0 = Release|Any CPU
	EndGlobalSection
	GlobalSection(SolutionProperties) = preSolution
		HideSolutionNode = FALSE
	EndGlobalSection
EndGlobal
